{
  "lockfileVersion": 1,
  "configVersion": 1,
  "workspaces": {
    "": {
      "name": "ra11y-vscode",
      "devDependencies": {
        "@types/node": "^22.0.0",
        "@types/vscode": "^1.85.0",
        "typescript": "^6.0.0",
      },
    },
  },
  "packages": {
    "@types/node": ["@types/node@22.19.17", "", { "dependencies": { "undici-types": "~6.21.0" } }, "sha512-wGdMcf+vPYM6jikpS/qhg6WiqSV/OhG+jeeHT/KlVqxYfD40iYJf9/AE1uQxVWFvU7MipKRkRv8NSHiCGgPr8Q=="],

    "@types/vscode": ["@types/vscode@1.116.0", "", {}, "sha512-sYHp4MO6BqJ2PD7Hjt0hlIS3tMaYsVPJrd0RUjDJ8HtOYnyJIEej0bLSccM8rE77WrC+Xox/kdBwEFDO8MsxNA=="],

    "typescript": ["typescript@6.0.3", "", { "bin": { "tsc": "bin/tsc", "tsserver": "bin/tsserver" } }, "sha512-y2TvuxSZPDyQakkFRPZHKFm+KKVqIisdg9/CZwm9ftvKXLP8NRWj38/ODjNbr43SsoXqNuAisEf1GdCxqWcdBw=="],

    "undici-types": ["undici-types@6.21.0", "", {}, "sha512-iwDZqg0QAGrg9Rav5H4n0M64c3mkR59cJ6wQp+7C4nI0gsmExaedaYLNO44eT4AtBBwjbTiGPMlt2Md0T9H9JQ=="],
  }
}
